
Microsoft Visual Studio Solution File, Format Version 12.00
# Visual Studio Version 16
VisualStudioVersion = 16.0.29306.81
MinimumVisualStudioVersion = 10.0.40219.1
Project("{FAE04EC0-301F-11D3-BF4B-00C04F79EFBC}") = "CollabFast", "CollabFast\CollabFast.csproj", "{973735C2-A549-4C7A-A7D6-C94A93E03672}"
EndProject
Project("{FAE04EC0-301F-11D3-BF4B-00C04F79EFBC}") = "CollabFast.Tests", "CollabFast.Tests\CollabFast.Tests.csproj", "{3D5D156E-E529-49FA-8E5B-DF77C106E5DD}"
EndProject
Global
	GlobalSection(SolutionConfigurationPlatforms) = preSolution
		Debug|Any CPU = Debug|Any CPU
		Release|Any CPU = Release|Any CPU
	EndGlobalSection
	GlobalSection(ProjectConfigurationPlatforms) = postSolution
		{973735C2-A549-4C7A-A7D6-C94A93E03672}.Debug|Any CPU.ActiveCfg = Debug|Any CPU
		{973735C2-A549-4C7A-A7D6-C94A93E03672}.Debug|Any CPU.Build.0 = Debug|Any CPU
		{973735C2-A549-4C7A-A7D6-C94A93E03672}.Release|Any CPU.ActiveCfg = Release|Any CPU
		{973735C2-A549-4C7A-A7D6-C94A93E03672}.Release|Any CPU.Build.0 = Release|Any CPU
		{3D5D156E-E529-49FA-8E5B-DF77C106E5DD}.Debug|Any CPU.ActiveCfg = Debug|Any CPU
		{3D5D156E-E529-49FA-8E5B-DF77C106E5DD}.Debug|Any CPU.Build.0 = Debug|Any CPU
		{3D5D156E-E529-49FA-8E5B-DF77C106E5DD}.Release|Any CPU.ActiveCfg = Release|Any CPU
		{3D5D156E-E529-49FA-8E5B-DF77C106E5DD}.Release|Any CPU.Build.0 = Release|Any CPU
	EndGlobalSection
	GlobalSection(SolutionProperties) = preSolution
		HideSolutionNode = FALSE
	EndGlobalSection
	GlobalSection(ExtensibilityGlobals) = postSolution
		SolutionGuid = {900E40F6-0D5A-4854-AFA0-221E25183E0A}
	EndGlobalSection
EndGlobal
